
Microsoft Visual Studio Solution File, Format Version 12.00
# Visual Studio 15
VisualStudioVersion = 15.0.28307.572
MinimumVisualStudioVersion = 10.0.40219.1
Project("{FAE04EC0-301F-11D3-BF4B-00C04F79EFBC}") = "Core", "Core\Core.csproj", "{AF691675-13B3-42A9-8274-0EC982D5FDA1}"
EndProject
Project("{FAE04EC0-301F-11D3-BF4B-00C04F79EFBC}") = "CommonType", "CommonType\CommonType.csproj", "{E2309D10-4B7C-4AF3-9D37-F900990AF78D}"
EndProject
Project("{FAE04EC0-301F-11D3-BF4B-00C04F79EFBC}") = "Yayakos.Entities", "Yayakos.Entities\Yayakos.Entities.csproj", "{E05CFC95-5A01-428A-BBF7-015B9BD009C6}"
EndProject
Project("{FAE04EC0-301F-11D3-BF4B-00C04F79EFBC}") = "Yayakos.DTOs", "Yayakos.DTOs\Yayakos.DTOs.csproj", "{F7DB332B-7652-43B2-91B8-BF9D33DC6CA7}"
EndProject
Project("{FAE04EC0-301F-11D3-BF4B-00C04F79EFBC}") = "Helpers", "Helpers\Helpers.csproj", "{DF3EE0FD-CB35-4D37-ABFC-861E84DFDF46}"
EndProject
Project("{2150E333-8FDC-42A3-9474-1A3956D46DE8}") = "Dals", "Dals", "{52FAE73B-C58A-4F90-BB31-E874AF27B80D}"
EndProject
Project("{FAE04EC0-301F-11D3-BF4B-00C04F79EFBC}") = "Yayakos.Dal", "Yayakos.Dal\Yayakos.Dal.csproj", "{B8CA41CC-48B3-4A77-9617-16440B33762C}"
EndProject
Project("{2150E333-8FDC-42A3-9474-1A3956D46DE8}") = "BLLs", "BLLs", "{BFF0BC98-1FC4-4AD3-BA77-2CDA88E97E5A}"
EndProject
Project("{FAE04EC0-301F-11D3-BF4B-00C04F79EFBC}") = "Yayakos.BLL", "Yayakos.BLL\Yayakos.BLL.csproj", "{4CBAB449-F384-48BC-AC08-95F302B3DC55}"
EndProject
Project("{FAE04EC0-301F-11D3-BF4B-00C04F79EFBC}") = "Yayakos.BLL.IOC.Module", "Yayakos.BLL.IOC.Module\Yayakos.BLL.IOC.Module.csproj", "{17BE571F-3AB2-4001-B839-3C4A9F3EBE25}"
EndProject
Project("{FAE04EC0-301F-11D3-BF4B-00C04F79EFBC}") = "Yayakos.Entities.Mappings", "Yayakos.Entities.Mappings\Yayakos.Entities.Mappings.csproj", "{96717507-BE77-4FC3-814F-C89073BACF56}"
EndProject
Project("{FAE04EC0-301F-11D3-BF4B-00C04F79EFBC}") = "Yayakos.BLL.Abstracts", "Yayakos.BLL.Abstracts\Yayakos.BLL.Abstracts.csproj", "{E6588698-8DED-4649-B734-045E2CDCEBF9}"
EndProject
Project("{2150E333-8FDC-42A3-9474-1A3956D46DE8}") = "UI", "UI", "{38FBEAC0-52DF-4DD6-9209-F27F7F23B493}"
EndProject
Project("{2150E333-8FDC-42A3-9474-1A3956D46DE8}") = "API", "API", "{7D617878-00FB-42A8-8898-EEF784601D39}"
EndProject
Project("{FAE04EC0-301F-11D3-BF4B-00C04F79EFBC}") = "Yayakos.MVCUI", "Yayakos.MVCUI\Yayakos.MVCUI.csproj", "{FCC7BF42-BAEA-459F-AE60-78D308A6D9C8}"
EndProject
Project("{FAE04EC0-301F-11D3-BF4B-00C04F79EFBC}") = "Yayakos.WebApi", "Yayakos.WebApi\Yayakos.WebApi.csproj", "{3B89FB15-C334-4F7D-86C9-7DA363BC98A1}"
EndProject
Global
	GlobalSection(SolutionConfigurationPlatforms) = preSolution
		Debug|Any CPU = Debug|Any CPU
		Release|Any CPU = Release|Any CPU
	EndGlobalSection
	GlobalSection(ProjectConfigurationPlatforms) = postSolution
		{AF691675-13B3-42A9-8274-0EC982D5FDA1}.Debug|Any CPU.ActiveCfg = Debug|Any CPU
		{AF691675-13B3-42A9-8274-0EC982D5FDA1}.Debug|Any CPU.Build.0 = Debug|Any CPU
		{AF691675-13B3-42A9-8274-0EC982D5FDA1}.Release|Any CPU.ActiveCfg = Release|Any CPU
		{AF691675-13B3-42A9-8274-0EC982D5FDA1}.Release|Any CPU.Build.0 = Release|Any CPU
		{E2309D10-4B7C-4AF3-9D37-F900990AF78D}.Debug|Any CPU.ActiveCfg = Debug|Any CPU
		{E2309D10-4B7C-4AF3-9D37-F900990AF78D}.Debug|Any CPU.Build.0 = Debug|Any CPU
		{E2309D10-4B7C-4AF3-9D37-F900990AF78D}.Release|Any CPU.ActiveCfg = Release|Any CPU
		{E2309D10-4B7C-4AF3-9D37-F900990AF78D}.Release|Any CPU.Build.0 = Release|Any CPU
		{E05CFC95-5A01-428A-BBF7-015B9BD009C6}.Debug|Any CPU.ActiveCfg = Debug|Any CPU
		{E05CFC95-5A01-428A-BBF7-015B9BD009C6}.Debug|Any CPU.Build.0 = Debug|Any CPU
		{E05CFC95-5A01-428A-BBF7-015B9BD009C6}.Release|Any CPU.ActiveCfg = Release|Any CPU
		{E05CFC95-5A01-428A-BBF7-015B9BD009C6}.Release|Any CPU.Build.0 = Release|Any CPU
		{F7DB332B-7652-43B2-91B8-BF9D33DC6CA7}.Debug|Any CPU.ActiveCfg = Debug|Any CPU
		{F7DB332B-7652-43B2-91B8-BF9D33DC6CA7}.Debug|Any CPU.Build.0 = Debug|Any CPU
		{F7DB332B-7652-43B2-91B8-BF9D33DC6CA7}.Release|Any CPU.ActiveCfg = Release|Any CPU
		{F7DB332B-7652-43B2-91B8-BF9D33DC6CA7}.Release|Any CPU.Build.0 = Release|Any CPU
		{DF3EE0FD-CB35-4D37-ABFC-861E84DFDF46}.Debug|Any CPU.ActiveCfg = Debug|Any CPU
		{DF3EE0FD-CB35-4D37-ABFC-861E84DFDF46}.Debug|Any CPU.Build.0 = Debug|Any CPU
		{DF3EE0FD-CB35-4D37-ABFC-861E84DFDF46}.Release|Any CPU.ActiveCfg = Release|Any CPU
		{DF3EE0FD-CB35-4D37-ABFC-861E84DFDF46}.Release|Any CPU.Build.0 = Release|Any CPU
		{B8CA41CC-48B3-4A77-9617-16440B33762C}.Debug|Any CPU.ActiveCfg = Debug|Any CPU
		{B8CA41CC-48B3-4A77-9617-16440B33762C}.Debug|Any CPU.Build.0 = Debug|Any CPU
		{B8CA41CC-48B3-4A77-9617-16440B33762C}.Release|Any CPU.ActiveCfg = Release|Any CPU
		{B8CA41CC-48B3-4A77-9617-16440B33762C}.Release|Any CPU.Build.0 = Release|Any CPU
		{4CBAB449-F384-48BC-AC08-95F302B3DC55}.Debug|Any CPU.ActiveCfg = Debug|Any CPU
		{4CBAB449-F384-48BC-AC08-95F302B3DC55}.Debug|Any CPU.Build.0 = Debug|Any CPU
		{4CBAB449-F384-48BC-AC08-95F302B3DC55}.Release|Any CPU.ActiveCfg = Release|Any CPU
		{4CBAB449-F384-48BC-AC08-95F302B3DC55}.Release|Any CPU.Build.0 = Release|Any CPU
		{17BE571F-3AB2-4001-B839-3C4A9F3EBE25}.Debug|Any CPU.ActiveCfg = Debug|Any CPU
		{17BE571F-3AB2-4001-B839-3C4A9F3EBE25}.Debug|Any CPU.Build.0 = Debug|Any CPU
		{17BE571F-3AB2-4001-B839-3C4A9F3EBE25}.Release|Any CPU.ActiveCfg = Release|Any CPU
		{17BE571F-3AB2-4001-B839-3C4A9F3EBE25}.Release|Any CPU.Build.0 = Release|Any CPU
		{96717507-BE77-4FC3-814F-C89073BACF56}.Debug|Any CPU.ActiveCfg = Debug|Any CPU
		{96717507-BE77-4FC3-814F-C89073BACF56}.Debug|Any CPU.Build.0 = Debug|Any CPU
		{96717507-BE77-4FC3-814F-C89073BACF56}.Release|Any CPU.ActiveCfg = Release|Any CPU
		{96717507-BE77-4FC3-814F-C89073BACF56}.Release|Any CPU.Build.0 = Release|Any CPU
		{E6588698-8DED-4649-B734-045E2CDCEBF9}.Debug|Any CPU.ActiveCfg = Debug|Any CPU
		{E6588698-8DED-4649-B734-045E2CDCEBF9}.Debug|Any CPU.Build.0 = Debug|Any CPU
		{E6588698-8DED-4649-B734-045E2CDCEBF9}.Release|Any CPU.ActiveCfg = Release|Any CPU
		{E6588698-8DED-4649-B734-045E2CDCEBF9}.Release|Any CPU.Build.0 = Release|Any CPU
		{FCC7BF42-BAEA-459F-AE60-78D308A6D9C8}.Debug|Any CPU.ActiveCfg = Debug|Any CPU
		{FCC7BF42-BAEA-459F-AE60-78D308A6D9C8}.Debug|Any CPU.Build.0 = Debug|Any CPU
		{FCC7BF42-BAEA-459F-AE60-78D308A6D9C8}.Release|Any CPU.ActiveCfg = Release|Any CPU
		{FCC7BF42-BAEA-459F-AE60-78D308A6D9C8}.Release|Any CPU.Build.0 = Release|Any CPU
		{3B89FB15-C334-4F7D-86C9-7DA363BC98A1}.Debug|Any CPU.ActiveCfg = Debug|Any CPU
		{3B89FB15-C334-4F7D-86C9-7DA363BC98A1}.Debug|Any CPU.Build.0 = Debug|Any CPU
		{3B89FB15-C334-4F7D-86C9-7DA363BC98A1}.Release|Any CPU.ActiveCfg = Release|Any CPU
		{3B89FB15-C334-4F7D-86C9-7DA363BC98A1}.Release|Any CPU.Build.0 = Release|Any CPU
	EndGlobalSection
	GlobalSection(SolutionProperties) = preSolution
		HideSolutionNode = FALSE
	EndGlobalSection
	GlobalSection(NestedProjects) = preSolution
		{E05CFC95-5A01-428A-BBF7-015B9BD009C6} = {52FAE73B-C58A-4F90-BB31-E874AF27B80D}
		{B8CA41CC-48B3-4A77-9617-16440B33762C} = {52FAE73B-C58A-4F90-BB31-E874AF27B80D}
		{4CBAB449-F384-48BC-AC08-95F302B3DC55} = {BFF0BC98-1FC4-4AD3-BA77-2CDA88E97E5A}
		{17BE571F-3AB2-4001-B839-3C4A9F3EBE25} = {BFF0BC98-1FC4-4AD3-BA77-2CDA88E97E5A}
		{96717507-BE77-4FC3-814F-C89073BACF56} = {52FAE73B-C58A-4F90-BB31-E874AF27B80D}
		{E6588698-8DED-4649-B734-045E2CDCEBF9} = {BFF0BC98-1FC4-4AD3-BA77-2CDA88E97E5A}
		{FCC7BF42-BAEA-459F-AE60-78D308A6D9C8} = {38FBEAC0-52DF-4DD6-9209-F27F7F23B493}
		{3B89FB15-C334-4F7D-86C9-7DA363BC98A1} = {7D617878-00FB-42A8-8898-EEF784601D39}
	EndGlobalSection
	GlobalSection(ExtensibilityGlobals) = postSolution
		SolutionGuid = {ECA33CAA-C268-4870-A48A-78C5F6A79B5E}
	EndGlobalSection
EndGlobal
